
Microsoft Visual Studio Solution File, Format Version 12.00
# Visual Studio Express 14 for Windows Desktop
VisualStudioVersion = 14.0.23107.0
MinimumVisualStudioVersion = 10.0.40219.1
Project("{FAE04EC0-301F-11D3-BF4B-00C04F79EFBC}") = "HM-1X_Aid_v01", "HM-1X_Aid_v01\HM-1X_Aid_v01.csproj", "{92C235A9-2B87-4E65-AECB-6DCACCF52723}"
EndProject
Global
	GlobalSection(SolutionConfigurationPlatforms) = preSolution
		Debug|Any CPU = Debug|Any CPU
		Release|Any CPU = Release|Any CPU
	EndGlobalSection
	GlobalSection(ProjectConfigurationPlatforms) = postSolution
		{92C235A9-2B87-4E65-AECB-6DCACCF52723}.Debug|Any CPU.ActiveCfg = Debug|Any CPU
		{92C235A9-2B87-4E65-AECB-6DCACCF52723}.Debug|Any CPU.Build.0 = Debug|Any CPU
		{92C235A9-2B87-4E65-AECB-6DCACCF52723}.Release|Any CPU.ActiveCfg = Release|Any CPU
		{92C235A9-2B87-4E65-AECB-6DCACCF52723}.Release|Any CPU.Build.0 = Release|Any CPU
	EndGlobalSection
	GlobalSection(SolutionProperties) = preSolution
		HideSolutionNode = FALSE
	EndGlobalSection
EndGlobal
